
Microsoft Visual Studio Solution File, Format Version 12.00
# Visual Studio Version 17
VisualStudioVersion = 17.11.35327.3
MinimumVisualStudioVersion = 10.0.40219.1
Project("{8BC9CEB8-8B4A-11D0-8D11-00A0C91BC942}") = "UI", "UI\UI.vcxproj", "{185DCF30-F170-4F0B-970A-B86DEB38B549}"
	ProjectSection(ProjectDependencies) = postProject
		{BB652ADE-DDE1-4975-BBBC-50B1630EC055} = {BB652ADE-DDE1-4975-BBBC-50B1630EC055}
	EndProjectSection
EndProject
Project("{8BC9CEB8-8B4A-11D0-8D11-00A0C91BC942}") = "Network", "Network\Network.vcxproj", "{BB652ADE-DDE1-4975-BBBC-50B1630EC055}"
EndProject
Project("{8BC9CEB8-8B4A-11D0-8D11-00A0C91BC942}") = "Server", "Server\Server.vcxproj", "{01F2B3C9-BBBC-46B1-9530-35CCE3D7F5AC}"
EndProject
Project("{8BC9CEB8-8B4A-11D0-8D11-00A0C91BC942}") = "Client", "Client\Client.vcxproj", "{857A945A-7A4C-481B-8F49-5E1D93C70BA6}"
EndProject
Project("{8BC9CEB8-8B4A-11D0-8D11-00A0C91BC942}") = "Engine", "Engine\Engine.vcxproj", "{27459F57-1064-4ADC-B594-885F499115D4}"
EndProject
Global
	GlobalSection(SolutionConfigurationPlatforms) = preSolution
		Debug|x64 = Debug|x64
		Debug|x86 = Debug|x86
		Release|x64 = Release|x64
		Release|x86 = Release|x86
	EndGlobalSection
	GlobalSection(ProjectConfigurationPlatforms) = postSolution
		{185DCF30-F170-4F0B-970A-B86DEB38B549}.Debug|x64.ActiveCfg = Debug|x64
		{185DCF30-F170-4F0B-970A-B86DEB38B549}.Debug|x64.Build.0 = Debug|x64
		{185DCF30-F170-4F0B-970A-B86DEB38B549}.Debug|x86.ActiveCfg = Debug|Win32
		{185DCF30-F170-4F0B-970A-B86DEB38B549}.Debug|x86.Build.0 = Debug|Win32
		{185DCF30-F170-4F0B-970A-B86DEB38B549}.Release|x64.ActiveCfg = Release|x64
		{185DCF30-F170-4F0B-970A-B86DEB38B549}.Release|x64.Build.0 = Release|x64
		{185DCF30-F170-4F0B-970A-B86DEB38B549}.Release|x86.ActiveCfg = Release|Win32
		{185DCF30-F170-4F0B-970A-B86DEB38B549}.Release|x86.Build.0 = Release|Win32
		{BB652ADE-DDE1-4975-BBBC-50B1630EC055}.Debug|x64.ActiveCfg = Debug|x64
		{BB652ADE-DDE1-4975-BBBC-50B1630EC055}.Debug|x64.Build.0 = Debug|x64
		{BB652ADE-DDE1-4975-BBBC-50B1630EC055}.Debug|x86.ActiveCfg = Debug|Win32
		{BB652ADE-DDE1-4975-BBBC-50B1630EC055}.Debug|x86.Build.0 = Debug|Win32
		{BB652ADE-DDE1-4975-BBBC-50B1630EC055}.Release|x64.ActiveCfg = Release|x64
		{BB652ADE-DDE1-4975-BBBC-50B1630EC055}.Release|x64.Build.0 = Release|x64
		{BB652ADE-DDE1-4975-BBBC-50B1630EC055}.Release|x86.ActiveCfg = Release|Win32
		{BB652ADE-DDE1-4975-BBBC-50B1630EC055}.Release|x86.Build.0 = Release|Win32
		{01F2B3C9-BBBC-46B1-9530-35CCE3D7F5AC}.Debug|x64.ActiveCfg = Debug|x64
		{01F2B3C9-BBBC-46B1-9530-35CCE3D7F5AC}.Debug|x64.Build.0 = Debug|x64
		{01F2B3C9-BBBC-46B1-9530-35CCE3D7F5AC}.Debug|x86.ActiveCfg = Debug|Win32
		{01F2B3C9-BBBC-46B1-9530-35CCE3D7F5AC}.Debug|x86.Build.0 = Debug|Win32
		{01F2B3C9-BBBC-46B1-9530-35CCE3D7F5AC}.Release|x64.ActiveCfg = Release|x64
		{01F2B3C9-BBBC-46B1-9530-35CCE3D7F5AC}.Release|x64.Build.0 = Release|x64
		{01F2B3C9-BBBC-46B1-9530-35CCE3D7F5AC}.Release|x86.ActiveCfg = Release|Win32
		{01F2B3C9-BBBC-46B1-9530-35CCE3D7F5AC}.Release|x86.Build.0 = Release|Win32
		{857A945A-7A4C-481B-8F49-5E1D93C70BA6}.Debug|x64.ActiveCfg = Debug|x64
		{857A945A-7A4C-481B-8F49-5E1D93C70BA6}.Debug|x64.Build.0 = Debug|x64
		{857A945A-7A4C-481B-8F49-5E1D93C70BA6}.Debug|x86.ActiveCfg = Debug|Win32
		{857A945A-7A4C-481B-8F49-5E1D93C70BA6}.Debug|x86.Build.0 = Debug|Win32
		{857A945A-7A4C-481B-8F49-5E1D93C70BA6}.Release|x64.ActiveCfg = Release|x64
		{857A945A-7A4C-481B-8F49-5E1D93C70BA6}.Release|x64.Build.0 = Release|x64
		{857A945A-7A4C-481B-8F49-5E1D93C70BA6}.Release|x86.ActiveCfg = Release|Win32
		{857A945A-7A4C-481B-8F49-5E1D93C70BA6}.Release|x86.Build.0 = Release|Win32
		{27459F57-1064-4ADC-B594-885F499115D4}.Debug|x64.ActiveCfg = Debug|x64
		{27459F57-1064-4ADC-B594-885F499115D4}.Debug|x64.Build.0 = Debug|x64
		{27459F57-1064-4ADC-B594-885F499115D4}.Debug|x86.ActiveCfg = Debug|Win32
		{27459F57-1064-4ADC-B594-885F499115D4}.Debug|x86.Build.0 = Debug|Win32
		{27459F57-1064-4ADC-B594-885F499115D4}.Release|x64.ActiveCfg = Release|x64
		{27459F57-1064-4ADC-B594-885F499115D4}.Release|x64.Build.0 = Release|x64
		{27459F57-1064-4ADC-B594-885F499115D4}.Release|x86.ActiveCfg = Release|Win32
		{27459F57-1064-4ADC-B594-885F499115D4}.Release|x86.Build.0 = Release|Win32
	EndGlobalSection
	GlobalSection(SolutionProperties) = preSolution
		HideSolutionNode = FALSE
	EndGlobalSection
	GlobalSection(ExtensibilityGlobals) = postSolution
		SolutionGuid = {EE807849-BD60-48BE-B62B-14A71E75A4D1}
	EndGlobalSection
EndGlobal
